
Microsoft Visual Studio Solution File, Format Version 12.00
# Visual Studio 2013
VisualStudioVersion = 12.0.21005.1
MinimumVisualStudioVersion = 10.0.40219.1
Project("{8BC9CEB8-8B4A-11D0-8D11-00A0C91BC942}") = "C-Homework-2", "C-Homework-2\C-Homework-2.vcxproj", "{E076F929-440B-4896-980D-09091B9F58B3}"
EndProject
Global
	GlobalSection(SolutionConfigurationPlatforms) = preSolution
		Debug|Win32 = Debug|Win32
		Release|Win32 = Release|Win32
	EndGlobalSection
	GlobalSection(ProjectConfigurationPlatforms) = postSolution
		{E076F929-440B-4896-980D-09091B9F58B3}.Debug|Win32.ActiveCfg = Debug|Win32
		{E076F929-440B-4896-980D-09091B9F58B3}.Debug|Win32.Build.0 = Debug|Win32
		{E076F929-440B-4896-980D-09091B9F58B3}.Release|Win32.ActiveCfg = Release|Win32
		{E076F929-440B-4896-980D-09091B9F58B3}.Release|Win32.Build.0 = Release|Win32
	EndGlobalSection
	GlobalSection(SolutionProperties) = preSolution
		HideSolutionNode = FALSE
	EndGlobalSection
EndGlobal
