
Microsoft Visual Studio Solution File, Format Version 12.00
# Visual Studio 2013
VisualStudioVersion = 12.0.21005.1
MinimumVisualStudioVersion = 10.0.40219.1
Project("{8BC9CEB8-8B4A-11D0-8D11-00A0C91BC942}") = "Class41-TL-2", "Class41-TL-2\Class41-TL-2.vcxproj", "{4212D636-CFC6-4A39-84C7-6C3E41C674F0}"
EndProject
Project("{8BC9CEB8-8B4A-11D0-8D11-00A0C91BC942}") = "ChengFa", "ChengFa\ChengFa.vcxproj", "{B10EDF28-06ED-43C4-8EE4-8616CF878FD0}"
EndProject
Global
	GlobalSection(SolutionConfigurationPlatforms) = preSolution
		Debug|Win32 = Debug|Win32
		Release|Win32 = Release|Win32
	EndGlobalSection
	GlobalSection(ProjectConfigurationPlatforms) = postSolution
		{4212D636-CFC6-4A39-84C7-6C3E41C674F0}.Debug|Win32.ActiveCfg = Debug|Win32
		{4212D636-CFC6-4A39-84C7-6C3E41C674F0}.Debug|Win32.Build.0 = Debug|Win32
		{4212D636-CFC6-4A39-84C7-6C3E41C674F0}.Release|Win32.ActiveCfg = Release|Win32
		{4212D636-CFC6-4A39-84C7-6C3E41C674F0}.Release|Win32.Build.0 = Release|Win32
		{B10EDF28-06ED-43C4-8EE4-8616CF878FD0}.Debug|Win32.ActiveCfg = Debug|Win32
		{B10EDF28-06ED-43C4-8EE4-8616CF878FD0}.Debug|Win32.Build.0 = Debug|Win32
		{B10EDF28-06ED-43C4-8EE4-8616CF878FD0}.Release|Win32.ActiveCfg = Release|Win32
		{B10EDF28-06ED-43C4-8EE4-8616CF878FD0}.Release|Win32.Build.0 = Release|Win32
	EndGlobalSection
	GlobalSection(SolutionProperties) = preSolution
		HideSolutionNode = FALSE
	EndGlobalSection
EndGlobal
